
Microsoft Visual Studio Solution File, Format Version 12.00
# Visual Studio Version 17
VisualStudioVersion = 17.0.32014.148
MinimumVisualStudioVersion = 10.0.40219.1
Project("{FAE04EC0-301F-11D3-BF4B-00C04F79EFBC}") = "NierCalculator", "NierCalculator.csproj", "{5A13D8D0-6922-4DCB-A1D4-024F4C374CC9}"
EndProject
Global
	GlobalSection(SolutionConfigurationPlatforms) = preSolution
		Debug|Any CPU = Debug|Any CPU
		Release|Any CPU = Release|Any CPU
	EndGlobalSection
	GlobalSection(ProjectConfigurationPlatforms) = postSolution
		{5A13D8D0-6922-4DCB-A1D4-024F4C374CC9}.Debug|Any CPU.ActiveCfg = Debug|Any CPU
		{5A13D8D0-6922-4DCB-A1D4-024F4C374CC9}.Debug|Any CPU.Build.0 = Debug|Any CPU
		{5A13D8D0-6922-4DCB-A1D4-024F4C374CC9}.Release|Any CPU.ActiveCfg = Release|Any CPU
		{5A13D8D0-6922-4DCB-A1D4-024F4C374CC9}.Release|Any CPU.Build.0 = Release|Any CPU
	EndGlobalSection
	GlobalSection(SolutionProperties) = preSolution
		HideSolutionNode = FALSE
	EndGlobalSection
	GlobalSection(ExtensibilityGlobals) = postSolution
		SolutionGuid = {2862D1C9-1C8C-4E16-B011-96C00B3E38D7}
	EndGlobalSection
EndGlobal
